
Microsoft Visual Studio Solution File, Format Version 12.00
# Visual Studio Version 17
VisualStudioVersion = 17.13.35825.156 d17.13
MinimumVisualStudioVersion = 10.0.40219.1
Project("{FAE04EC0-301F-11D3-BF4B-00C04F79EFBC}") = "server", "server\server.csproj", "{3A61343B-5FA4-4604-914E-A2907765370E}"
EndProject
Global
	GlobalSection(SolutionConfigurationPlatforms) = preSolution
		Debug|Any CPU = Debug|Any CPU
		Release|Any CPU = Release|Any CPU
	EndGlobalSection
	GlobalSection(ProjectConfigurationPlatforms) = postSolution
		{3A61343B-5FA4-4604-914E-A2907765370E}.Debug|Any CPU.ActiveCfg = Debug|Any CPU
		{3A61343B-5FA4-4604-914E-A2907765370E}.Debug|Any CPU.Build.0 = Debug|Any CPU
		{3A61343B-5FA4-4604-914E-A2907765370E}.Release|Any CPU.ActiveCfg = Release|Any CPU
		{3A61343B-5FA4-4604-914E-A2907765370E}.Release|Any CPU.Build.0 = Release|Any CPU
	EndGlobalSection
	GlobalSection(SolutionProperties) = preSolution
		HideSolutionNode = FALSE
	EndGlobalSection
	GlobalSection(ExtensibilityGlobals) = postSolution
		SolutionGuid = {01D0BC94-092F-46BD-B541-AACAD74FAC78}
	EndGlobalSection
EndGlobal
